
Microsoft Visual Studio Solution File, Format Version 12.00
# Visual Studio Version 16
VisualStudioVersion = 16.0.29102.190
MinimumVisualStudioVersion = 10.0.40219.1
Project("{FAE04EC0-301F-11D3-BF4B-00C04F79EFBC}") = "SnmpTest", "SnmpTest\SnmpTest.csproj", "{CE6B4304-F1EC-49C2-82BA-BB6C8DCFCAB8}"
EndProject
Global
	GlobalSection(SolutionConfigurationPlatforms) = preSolution
		Debug|Any CPU = Debug|Any CPU
		Release|Any CPU = Release|Any CPU
	EndGlobalSection
	GlobalSection(ProjectConfigurationPlatforms) = postSolution
		{CE6B4304-F1EC-49C2-82BA-BB6C8DCFCAB8}.Debug|Any CPU.ActiveCfg = Debug|Any CPU
		{CE6B4304-F1EC-49C2-82BA-BB6C8DCFCAB8}.Debug|Any CPU.Build.0 = Debug|Any CPU
		{CE6B4304-F1EC-49C2-82BA-BB6C8DCFCAB8}.Release|Any CPU.ActiveCfg = Release|Any CPU
		{CE6B4304-F1EC-49C2-82BA-BB6C8DCFCAB8}.Release|Any CPU.Build.0 = Release|Any CPU
	EndGlobalSection
	GlobalSection(SolutionProperties) = preSolution
		HideSolutionNode = FALSE
	EndGlobalSection
	GlobalSection(ExtensibilityGlobals) = postSolution
		SolutionGuid = {7444B17B-854E-40AC-957F-C7685B029082}
	EndGlobalSection
EndGlobal
